// !$*UTF8*$!
{
	archiveVersion = 1;
	classes = {
	};
	objectVersion = 50;
	objects = {

/* Begin PBXBuildFile section */
		9993F60E22DEB48300ABFE02 /* Spider.framework in Frameworks */ = {isa = PBXBuildFile; fileRef = 9993F60422DEB48200ABFE02 /* Spider.framework */; };
		9993F61322DEB48300ABFE02 /* SpiderTests.swift in Sources */ = {isa = PBXBuildFile; fileRef = 9993F61222DEB48300ABFE02 /* SpiderTests.swift */; };
		9993F61522DEB48300ABFE02 /* Spider.h in Headers */ = {isa = PBXBuildFile; fileRef = 9993F60722DEB48200ABFE02 /* Spider.h */; settings = {ATTRIBUTES = (Public, ); }; };
		9993F62622DEB49600ABFE02 /* URLSessionHook.swift in Sources */ = {isa = PBXBuildFile; fileRef = 9993F61E22DEB49500ABFE02 /* URLSessionHook.swift */; };
		9993F62722DEB49600ABFE02 /* StubResponse.swift in Sources */ = {isa = PBXBuildFile; fileRef = 9993F61F22DEB49500ABFE02 /* StubResponse.swift */; };
		9993F62822DEB49600ABFE02 /* StubRequest.swift in Sources */ = {isa = PBXBuildFile; fileRef = 9993F62022DEB49500ABFE02 /* StubRequest.swift */; };
		9993F62A22DEB49600ABFE02 /* StubURLProtocol.swift in Sources */ = {isa = PBXBuildFile; fileRef = 9993F62222DEB49500ABFE02 /* StubURLProtocol.swift */; };
		9993F62B22DEB49600ABFE02 /* URLHook.swift in Sources */ = {isa = PBXBuildFile; fileRef = 9993F62322DEB49500ABFE02 /* URLHook.swift */; };
		9993F62D22DEB49600ABFE02 /* Spider.swift in Sources */ = {isa = PBXBuildFile; fileRef = 9993F62522DEB49600ABFE02 /* Spider.swift */; };
		9993F63722DF5E7500ABFE02 /* Matchers.swift in Sources */ = {isa = PBXBuildFile; fileRef = 9993F63622DF5E7500ABFE02 /* Matchers.swift */; };
		9993F63B22DF706100ABFE02 /* MatchersTests.swift in Sources */ = {isa = PBXBuildFile; fileRef = 9993F63A22DF706100ABFE02 /* MatchersTests.swift */; };
		99B74B4A22E0153100F1B53C /* StringExtensions.swift in Sources */ = {isa = PBXBuildFile; fileRef = 99B74B4822E014FD00F1B53C /* StringExtensions.swift */; };
/* End PBXBuildFile section */

/* Begin PBXContainerItemProxy section */
		9993F60F22DEB48300ABFE02 /* PBXContainerItemProxy */ = {
			isa = PBXContainerItemProxy;
			containerPortal = 9993F5FB22DEB48200ABFE02 /* Project object */;
			proxyType = 1;
			remoteGlobalIDString = 9993F60322DEB48200ABFE02;
			remoteInfo = Spider;
		};
/* End PBXContainerItemProxy section */

/* Begin PBXFileReference section */
		9993F60422DEB48200ABFE02 /* Spider.framework */ = {isa = PBXFileReference; explicitFileType = wrapper.framework; includeInIndex = 0; path = Spider.framework; sourceTree = BUILT_PRODUCTS_DIR; };
		9993F60722DEB48200ABFE02 /* Spider.h */ = {isa = PBXFileReference; lastKnownFileType = sourcecode.c.h; path = Spider.h; sourceTree = "<group>"; };
		9993F60822DEB48200ABFE02 /* Info.plist */ = {isa = PBXFileReference; lastKnownFileType = text.plist.xml; path = Info.plist; sourceTree = "<group>"; };
		9993F60D22DEB48300ABFE02 /* SpiderTests.xctest */ = {isa = PBXFileReference; explicitFileType = wrapper.cfbundle; includeInIndex = 0; path = SpiderTests.xctest; sourceTree = BUILT_PRODUCTS_DIR; };
		9993F61222DEB48300ABFE02 /* SpiderTests.swift */ = {isa = PBXFileReference; lastKnownFileType = sourcecode.swift; path = SpiderTests.swift; sourceTree = "<group>"; };
		9993F61422DEB48300ABFE02 /* Info.plist */ = {isa = PBXFileReference; lastKnownFileType = text.plist.xml; path = Info.plist; sourceTree = "<group>"; };
		9993F61E22DEB49500ABFE02 /* URLSessionHook.swift */ = {isa = PBXFileReference; fileEncoding = 4; lastKnownFileType = sourcecode.swift; path = URLSessionHook.swift; sourceTree = "<group>"; };
		9993F61F22DEB49500ABFE02 /* StubResponse.swift */ = {isa = PBXFileReference; fileEncoding = 4; lastKnownFileType = sourcecode.swift; path = StubResponse.swift; sourceTree = "<group>"; };
		9993F62022DEB49500ABFE02 /* StubRequest.swift */ = {isa = PBXFileReference; fileEncoding = 4; lastKnownFileType = sourcecode.swift; path = StubRequest.swift; sourceTree = "<group>"; };
		9993F62222DEB49500ABFE02 /* StubURLProtocol.swift */ = {isa = PBXFileReference; fileEncoding = 4; lastKnownFileType = sourcecode.swift; path = StubURLProtocol.swift; sourceTree = "<group>"; };
		9993F62322DEB49500ABFE02 /* URLHook.swift */ = {isa = PBXFileReference; fileEncoding = 4; lastKnownFileType = sourcecode.swift; path = URLHook.swift; sourceTree = "<group>"; };
		9993F62522DEB49600ABFE02 /* Spider.swift */ = {isa = PBXFileReference; fileEncoding = 4; lastKnownFileType = sourcecode.swift; path = Spider.swift; sourceTree = "<group>"; };
		9993F63622DF5E7500ABFE02 /* Matchers.swift */ = {isa = PBXFileReference; lastKnownFileType = sourcecode.swift; path = Matchers.swift; sourceTree = "<group>"; };
		9993F63A22DF706100ABFE02 /* MatchersTests.swift */ = {isa = PBXFileReference; lastKnownFileType = sourcecode.swift; path = MatchersTests.swift; sourceTree = "<group>"; };
		99B74B4822E014FD00F1B53C /* StringExtensions.swift */ = {isa = PBXFileReference; lastKnownFileType = sourcecode.swift; path = StringExtensions.swift; sourceTree = "<group>"; };
/* End PBXFileReference section */

/* Begin PBXFrameworksBuildPhase section */
		9993F60122DEB48200ABFE02 /* Frameworks */ = {
			isa = PBXFrameworksBuildPhase;
			buildActionMask = 2147483647;
			files = (
			);
			runOnlyForDeploymentPostprocessing = 0;
		};
		9993F60A22DEB48200ABFE02 /* Frameworks */ = {
			isa = PBXFrameworksBuildPhase;
			buildActionMask = 2147483647;
			files = (
				9993F60E22DEB48300ABFE02 /* Spider.framework in Frameworks */,
			);
			runOnlyForDeploymentPostprocessing = 0;
		};
/* End PBXFrameworksBuildPhase section */

/* Begin PBXGroup section */
		9993F5FA22DEB48200ABFE02 = {
			isa = PBXGroup;
			children = (
				9993F60622DEB48200ABFE02 /* Spider */,
				9993F61122DEB48300ABFE02 /* SpiderTests */,
				9993F60522DEB48200ABFE02 /* Products */,
			);
			sourceTree = "<group>";
		};
		9993F60522DEB48200ABFE02 /* Products */ = {
			isa = PBXGroup;
			children = (
				9993F60422DEB48200ABFE02 /* Spider.framework */,
				9993F60D22DEB48300ABFE02 /* SpiderTests.xctest */,
			);
			name = Products;
			sourceTree = "<group>";
		};
		9993F60622DEB48200ABFE02 /* Spider */ = {
			isa = PBXGroup;
			children = (
				9993F60722DEB48200ABFE02 /* Spider.h */,
				9993F60822DEB48200ABFE02 /* Info.plist */,
				9993F63622DF5E7500ABFE02 /* Matchers.swift */,
				9993F62522DEB49600ABFE02 /* Spider.swift */,
				9993F62022DEB49500ABFE02 /* StubRequest.swift */,
				9993F61F22DEB49500ABFE02 /* StubResponse.swift */,
				9993F62222DEB49500ABFE02 /* StubURLProtocol.swift */,
				9993F62322DEB49500ABFE02 /* URLHook.swift */,
				9993F61E22DEB49500ABFE02 /* URLSessionHook.swift */,
			);
			path = Spider;
			sourceTree = "<group>";
		};
		9993F61122DEB48300ABFE02 /* SpiderTests */ = {
			isa = PBXGroup;
			children = (
				9993F61422DEB48300ABFE02 /* Info.plist */,
				9993F63A22DF706100ABFE02 /* MatchersTests.swift */,
				9993F61222DEB48300ABFE02 /* SpiderTests.swift */,
				99B74B4822E014FD00F1B53C /* StringExtensions.swift */,
			);
			path = SpiderTests;
			sourceTree = "<group>";
		};
/* End PBXGroup section */

/* Begin PBXHeadersBuildPhase section */
		9993F5FF22DEB48200ABFE02 /* Headers */ = {
			isa = PBXHeadersBuildPhase;
			buildActionMask = 2147483647;
			files = (
				9993F61522DEB48300ABFE02 /* Spider.h in Headers */,
			);
			runOnlyForDeploymentPostprocessing = 0;
		};
/* End PBXHeadersBuildPhase section */

/* Begin PBXNativeTarget section */
		9993F60322DEB48200ABFE02 /* Spider */ = {
			isa = PBXNativeTarget;
			buildConfigurationList = 9993F61822DEB48300ABFE02 /* Build configuration list for PBXNativeTarget "Spider" */;
			buildPhases = (
				9993F5FF22DEB48200ABFE02 /* Headers */,
				9993F60022DEB48200ABFE02 /* Sources */,
				9993F60122DEB48200ABFE02 /* Frameworks */,
				9993F60222DEB48200ABFE02 /* Resources */,
				99B74B4722E013C200F1B53C /* Run Script - SwiftLint */,
			);
			buildRules = (
			);
			dependencies = (
			);
			name = Spider;
			productName = Spider;
			productReference = 9993F60422DEB48200ABFE02 /* Spider.framework */;
			productType = "com.apple.product-type.framework";
		};
		9993F60C22DEB48200ABFE02 /* SpiderTests */ = {
			isa = PBXNativeTarget;
			buildConfigurationList = 9993F61B22DEB48300ABFE02 /* Build configuration list for PBXNativeTarget "SpiderTests" */;
			buildPhases = (
				9993F60922DEB48200ABFE02 /* Sources */,
				9993F60A22DEB48200ABFE02 /* Frameworks */,
				9993F60B22DEB48200ABFE02 /* Resources */,
			);
			buildRules = (
			);
			dependencies = (
				9993F61022DEB48300ABFE02 /* PBXTargetDependency */,
			);
			name = SpiderTests;
			productName = SpiderTests;
			productReference = 9993F60D22DEB48300ABFE02 /* SpiderTests.xctest */;
			productType = "com.apple.product-type.bundle.unit-test";
		};
/* End PBXNativeTarget section */

/* Begin PBXProject section */
		9993F5FB22DEB48200ABFE02 /* Project object */ = {
			isa = PBXProject;
			attributes = {
				LastSwiftUpdateCheck = 1020;
				LastUpgradeCheck = 1020;
				ORGANIZATIONNAME = "Harry Tran";
				TargetAttributes = {
					9993F60322DEB48200ABFE02 = {
						CreatedOnToolsVersion = 10.2.1;
						LastSwiftMigration = 1020;
					};
					9993F60C22DEB48200ABFE02 = {
						CreatedOnToolsVersion = 10.2.1;
					};
				};
			};
			buildConfigurationList = 9993F5FE22DEB48200ABFE02 /* Build configuration list for PBXProject "Spider" */;
			compatibilityVersion = "Xcode 9.3";
			developmentRegion = en;
			hasScannedForEncodings = 0;
			knownRegions = (
				en,
				Base,
			);
			mainGroup = 9993F5FA22DEB48200ABFE02;
			productRefGroup = 9993F60522DEB48200ABFE02 /* Products */;
			projectDirPath = "";
			projectRoot = "";
			targets = (
				9993F60322DEB48200ABFE02 /* Spider */,
				9993F60C22DEB48200ABFE02 /* SpiderTests */,
			);
		};
/* End PBXProject section */

/* Begin PBXResourcesBuildPhase section */
		9993F60222DEB48200ABFE02 /* Resources */ = {
			isa = PBXResourcesBuildPhase;
			buildActionMask = 2147483647;
			files = (
			);
			runOnlyForDeploymentPostprocessing = 0;
		};
		9993F60B22DEB48200ABFE02 /* Resources */ = {
			isa = PBXResourcesBuildPhase;
			buildActionMask = 2147483647;
			files = (
			);
			runOnlyForDeploymentPostprocessing = 0;
		};
/* End PBXResourcesBuildPhase section */

/* Begin PBXShellScriptBuildPhase section */
		99B74B4722E013C200F1B53C /* Run Script - SwiftLint */ = {
			isa = PBXShellScriptBuildPhase;
			buildActionMask = 2147483647;
			files = (
			);
			inputFileListPaths = (
			);
			inputPaths = (
			);
			name = "Run Script - SwiftLint";
			outputFileListPaths = (
			);
			outputPaths = (
			);
			runOnlyForDeploymentPostprocessing = 0;
			shellPath = /bin/sh;
			shellScript = "if which swiftlint >/dev/null; then\n    swiftlint\nelse\n    echo \"warning: SwiftLint not installed, download from https://github.com/realm/SwiftLint\"\nfi\n";
		};
/* End PBXShellScriptBuildPhase section */

/* Begin PBXSourcesBuildPhase section */
		9993F60022DEB48200ABFE02 /* Sources */ = {
			isa = PBXSourcesBuildPhase;
			buildActionMask = 2147483647;
			files = (
				9993F62B22DEB49600ABFE02 /* URLHook.swift in Sources */,
				9993F62A22DEB49600ABFE02 /* StubURLProtocol.swift in Sources */,
				9993F62722DEB49600ABFE02 /* StubResponse.swift in Sources */,
				9993F62622DEB49600ABFE02 /* URLSessionHook.swift in Sources */,
				9993F62D22DEB49600ABFE02 /* Spider.swift in Sources */,
				9993F63722DF5E7500ABFE02 /* Matchers.swift in Sources */,
				9993F62822DEB49600ABFE02 /* StubRequest.swift in Sources */,
			);
			runOnlyForDeploymentPostprocessing = 0;
		};
		9993F60922DEB48200ABFE02 /* Sources */ = {
			isa = PBXSourcesBuildPhase;
			buildActionMask = 2147483647;
			files = (
				99B74B4A22E0153100F1B53C /* StringExtensions.swift in Sources */,
				9993F63B22DF706100ABFE02 /* MatchersTests.swift in Sources */,
				9993F61322DEB48300ABFE02 /* SpiderTests.swift in Sources */,
			);
			runOnlyForDeploymentPostprocessing = 0;
		};
/* End PBXSourcesBuildPhase section */

/* Begin PBXTargetDependency section */
		9993F61022DEB48300ABFE02 /* PBXTargetDependency */ = {
			isa = PBXTargetDependency;
			target = 9993F60322DEB48200ABFE02 /* Spider */;
			targetProxy = 9993F60F22DEB48300ABFE02 /* PBXContainerItemProxy */;
		};
/* End PBXTargetDependency section */

/* Begin XCBuildConfiguration section */
		9993F61622DEB48300ABFE02 /* Debug */ = {
			isa = XCBuildConfiguration;
			buildSettings = {
				ALWAYS_SEARCH_USER_PATHS = NO;
				CLANG_ANALYZER_NONNULL = YES;
				CLANG_ANALYZER_NUMBER_OBJECT_CONVERSION = YES_AGGRESSIVE;
				CLANG_CXX_LANGUAGE_STANDARD = "gnu++14";
				CLANG_CXX_LIBRARY = "libc++";
				CLANG_ENABLE_MODULES = YES;
				CLANG_ENABLE_OBJC_ARC = YES;
				CLANG_ENABLE_OBJC_WEAK = YES;
				CLANG_WARN_BLOCK_CAPTURE_AUTORELEASING = YES;
				CLANG_WARN_BOOL_CONVERSION = YES;
				CLANG_WARN_COMMA = YES;
				CLANG_WARN_CONSTANT_CONVERSION = YES;
				CLANG_WARN_DEPRECATED_OBJC_IMPLEMENTATIONS = YES;
				CLANG_WARN_DIRECT_OBJC_ISA_USAGE = YES_ERROR;
				CLANG_WARN_DOCUMENTATION_COMMENTS = YES;
				CLANG_WARN_EMPTY_BODY = YES;
				CLANG_WARN_ENUM_CONVERSION = YES;
				CLANG_WARN_INFINITE_RECURSION = YES;
				CLANG_WARN_INT_CONVERSION = YES;
				CLANG_WARN_NON_LITERAL_NULL_CONVERSION = YES;
				CLANG_WARN_OBJC_IMPLICIT_RETAIN_SELF = YES;
				CLANG_WARN_OBJC_LITERAL_CONVERSION = YES;
				CLANG_WARN_OBJC_ROOT_CLASS = YES_ERROR;
				CLANG_WARN_RANGE_LOOP_ANALYSIS = YES;
				CLANG_WARN_STRICT_PROTOTYPES = YES;
				CLANG_WARN_SUSPICIOUS_MOVE = YES;
				CLANG_WARN_UNGUARDED_AVAILABILITY = YES_AGGRESSIVE;
				CLANG_WARN_UNREACHABLE_CODE = YES;
				CLANG_WARN__DUPLICATE_METHOD_MATCH = YES;
				CODE_SIGN_IDENTITY = "iPhone Developer";
				COPY_PHASE_STRIP = NO;
				CURRENT_PROJECT_VERSION = 1;
				DEBUG_INFORMATION_FORMAT = dwarf;
				ENABLE_STRICT_OBJC_MSGSEND = YES;
				ENABLE_TESTABILITY = YES;
				GCC_C_LANGUAGE_STANDARD = gnu11;
				GCC_DYNAMIC_NO_PIC = NO;
				GCC_NO_COMMON_BLOCKS = YES;
				GCC_OPTIMIZATION_LEVEL = 0;
				GCC_PREPROCESSOR_DEFINITIONS = (
					"DEBUG=1",
					"$(inherited)",
				);
				GCC_WARN_64_TO_32_BIT_CONVERSION = YES;
				GCC_WARN_ABOUT_RETURN_TYPE = YES_ERROR;
				GCC_WARN_UNDECLARED_SELECTOR = YES;
				GCC_WARN_UNINITIALIZED_AUTOS = YES_AGGRESSIVE;
				GCC_WARN_UNUSED_FUNCTION = YES;
				GCC_WARN_UNUSED_VARIABLE = YES;
				IPHONEOS_DEPLOYMENT_TARGET = 10.0;
				MTL_ENABLE_DEBUG_INFO = INCLUDE_SOURCE;
				MTL_FAST_MATH = YES;
				ONLY_ACTIVE_ARCH = YES;
				SDKROOT = iphoneos;
				SWIFT_ACTIVE_COMPILATION_CONDITIONS = DEBUG;
				SWIFT_OPTIMIZATION_LEVEL = "-Onone";
				VERSIONING_SYSTEM = "apple-generic";
				VERSION_INFO_PREFIX = "";
			};
			name = Debug;
		};
		9993F61722DEB48300ABFE02 /* Release */ = {
			isa = XCBuildConfiguration;
			buildSettings = {
				ALWAYS_SEARCH_USER_PATHS = NO;
				CLANG_ANALYZER_NONNULL = YES;
				CLANG_ANALYZER_NUMBER_OBJECT_CONVERSION = YES_AGGRESSIVE;
				CLANG_CXX_LANGUAGE_STANDARD = "gnu++14";
				CLANG_CXX_LIBRARY = "libc++";
				CLANG_ENABLE_MODULES = YES;
				CLANG_ENABLE_OBJC_ARC = YES;
				CLANG_ENABLE_OBJC_WEAK = YES;
				CLANG_WARN_BLOCK_CAPTURE_AUTORELEASING = YES;
				CLANG_WARN_BOOL_CONVERSION = YES;
				CLANG_WARN_COMMA = YES;
				CLANG_WARN_CONSTANT_CONVERSION = YES;
				CLANG_WARN_DEPRECATED_OBJC_IMPLEMENTATIONS = YES;
				CLANG_WARN_DIRECT_OBJC_ISA_USAGE = YES_ERROR;
				CLANG_WARN_DOCUMENTATION_COMMENTS = YES;
				CLANG_WARN_EMPTY_BODY = YES;
				CLANG_WARN_ENUM_CONVERSION = YES;
				CLANG_WARN_INFINITE_RECURSION = YES;
				CLANG_WARN_INT_CONVERSION = YES;
				CLANG_WARN_NON_LITERAL_NULL_CONVERSION = YES;
				CLANG_WARN_OBJC_IMPLICIT_RETAIN_SELF = YES;
				CLANG_WARN_OBJC_LITERAL_CONVERSION = YES;
				CLANG_WARN_OBJC_ROOT_CLASS = YES_ERROR;
				CLANG_WARN_RANGE_LOOP_ANALYSIS = YES;
				CLANG_WARN_STRICT_PROTOTYPES = YES;
				CLANG_WARN_SUSPICIOUS_MOVE = YES;
				CLANG_WARN_UNGUARDED_AVAILABILITY = YES_AGGRESSIVE;
				CLANG_WARN_UNREACHABLE_CODE = YES;
				CLANG_WARN__DUPLICATE_METHOD_MATCH = YES;
				CODE_SIGN_IDENTITY = "iPhone Developer";
				COPY_PHASE_STRIP = NO;
				CURRENT_PROJECT_VERSION = 1;
				DEBUG_INFORMATION_FORMAT = "dwarf-with-dsym";
				ENABLE_NS_ASSERTIONS = NO;
				ENABLE_STRICT_OBJC_MSGSEND = YES;
				GCC_C_LANGUAGE_STANDARD = gnu11;
				GCC_NO_COMMON_BLOCKS = YES;
				GCC_WARN_64_TO_32_BIT_CONVERSION = YES;
				GCC_WARN_ABOUT_RETURN_TYPE = YES_ERROR;
				GCC_WARN_UNDECLARED_SELECTOR = YES;
				GCC_WARN_UNINITIALIZED_AUTOS = YES_AGGRESSIVE;
				GCC_WARN_UNUSED_FUNCTION = YES;
				GCC_WARN_UNUSED_VARIABLE = YES;
				IPHONEOS_DEPLOYMENT_TARGET = 10.0;
				MTL_ENABLE_DEBUG_INFO = NO;
				MTL_FAST_MATH = YES;
				SDKROOT = iphoneos;
				SWIFT_COMPILATION_MODE = wholemodule;
				SWIFT_OPTIMIZATION_LEVEL = "-O";
				VALIDATE_PRODUCT = YES;
				VERSIONING_SYSTEM = "apple-generic";
				VERSION_INFO_PREFIX = "";
			};
			name = Release;
		};
		9993F61922DEB48300ABFE02 /* Debug */ = {
			isa = XCBuildConfiguration;
			buildSettings = {
				CLANG_ENABLE_MODULES = YES;
				CODE_SIGN_IDENTITY = "";
				CODE_SIGN_STYLE = Manual;
				DEFINES_MODULE = YES;
				DEVELOPMENT_TEAM = "";
				DYLIB_COMPATIBILITY_VERSION = 1;
				DYLIB_CURRENT_VERSION = 1;
				DYLIB_INSTALL_NAME_BASE = "@rpath";
				INFOPLIST_FILE = Spider/Info.plist;
				INSTALL_PATH = "$(LOCAL_LIBRARY_DIR)/Frameworks";
				IPHONEOS_DEPLOYMENT_TARGET = 10.0;
				LD_RUNPATH_SEARCH_PATHS = (
					"$(inherited)",
					"@executable_path/Frameworks",
					"@loader_path/Frameworks",
				);
				PRODUCT_BUNDLE_IDENTIFIER = com.harry.Spider;
				PRODUCT_NAME = "$(TARGET_NAME:c99extidentifier)";
				PROVISIONING_PROFILE_SPECIFIER = "";
				SKIP_INSTALL = YES;
				SWIFT_OPTIMIZATION_LEVEL = "-Onone";
				SWIFT_VERSION = 5.0;
				TARGETED_DEVICE_FAMILY = "1,2";
			};
			name = Debug;
		};
		9993F61A22DEB48300ABFE02 /* Release */ = {
			isa = XCBuildConfiguration;
			buildSettings = {
				CLANG_ENABLE_MODULES = YES;
				CODE_SIGN_IDENTITY = "";
				CODE_SIGN_STYLE = Manual;
				DEFINES_MODULE = YES;
				DEVELOPMENT_TEAM = "";
				DYLIB_COMPATIBILITY_VERSION = 1;
				DYLIB_CURRENT_VERSION = 1;
				DYLIB_INSTALL_NAME_BASE = "@rpath";
				INFOPLIST_FILE = Spider/Info.plist;
				INSTALL_PATH = "$(LOCAL_LIBRARY_DIR)/Frameworks";
				IPHONEOS_DEPLOYMENT_TARGET = 10.0;
				LD_RUNPATH_SEARCH_PATHS = (
					"$(inherited)",
					"@executable_path/Frameworks",
					"@loader_path/Frameworks",
				);
				PRODUCT_BUNDLE_IDENTIFIER = com.harry.Spider;
				PRODUCT_NAME = "$(TARGET_NAME:c99extidentifier)";
				PROVISIONING_PROFILE_SPECIFIER = "";
				SKIP_INSTALL = YES;
				SWIFT_VERSION = 5.0;
				TARGETED_DEVICE_FAMILY = "1,2";
			};
			name = Release;
		};
		9993F61C22DEB48300ABFE02 /* Debug */ = {
			isa = XCBuildConfiguration;
			buildSettings = {
				ALWAYS_EMBED_SWIFT_STANDARD_LIBRARIES = YES;
				CODE_SIGN_STYLE = Automatic;
				DEVELOPMENT_TEAM = 6ZVUJ9G9RV;
				INFOPLIST_FILE = SpiderTests/Info.plist;
				LD_RUNPATH_SEARCH_PATHS = (
					"$(inherited)",
					"@executable_path/Frameworks",
					"@loader_path/Frameworks",
				);
				PRODUCT_BUNDLE_IDENTIFIER = com.harry.SpiderTests;
				PRODUCT_NAME = "$(TARGET_NAME)";
				SWIFT_VERSION = 5.0;
				TARGETED_DEVICE_FAMILY = "1,2";
			};
			name = Debug;
		};
		9993F61D22DEB48300ABFE02 /* Release */ = {
			isa = XCBuildConfiguration;
			buildSettings = {
				ALWAYS_EMBED_SWIFT_STANDARD_LIBRARIES = YES;
				CODE_SIGN_STYLE = Automatic;
				DEVELOPMENT_TEAM = 6ZVUJ9G9RV;
				INFOPLIST_FILE = SpiderTests/Info.plist;
				LD_RUNPATH_SEARCH_PATHS = (
					"$(inherited)",
					"@executable_path/Frameworks",
					"@loader_path/Frameworks",
				);
				PRODUCT_BUNDLE_IDENTIFIER = com.harry.SpiderTests;
				PRODUCT_NAME = "$(TARGET_NAME)";
				SWIFT_VERSION = 5.0;
				TARGETED_DEVICE_FAMILY = "1,2";
			};
			name = Release;
		};
/* End XCBuildConfiguration section */

/* Begin XCConfigurationList section */
		9993F5FE22DEB48200ABFE02 /* Build configuration list for PBXProject "Spider" */ = {
			isa = XCConfigurationList;
			buildConfigurations = (
				9993F61622DEB48300ABFE02 /* Debug */,
				9993F61722DEB48300ABFE02 /* Release */,
			);
			defaultConfigurationIsVisible = 0;
			defaultConfigurationName = Release;
		};
		9993F61822DEB48300ABFE02 /* Build configuration list for PBXNativeTarget "Spider" */ = {
			isa = XCConfigurationList;
			buildConfigurations = (
				9993F61922DEB48300ABFE02 /* Debug */,
				9993F61A22DEB48300ABFE02 /* Release */,
			);
			defaultConfigurationIsVisible = 0;
			defaultConfigurationName = Release;
		};
		9993F61B22DEB48300ABFE02 /* Build configuration list for PBXNativeTarget "SpiderTests" */ = {
			isa = XCConfigurationList;
			buildConfigurations = (
				9993F61C22DEB48300ABFE02 /* Debug */,
				9993F61D22DEB48300ABFE02 /* Release */,
			);
			defaultConfigurationIsVisible = 0;
			defaultConfigurationName = Release;
		};
/* End XCConfigurationList section */
	};
	rootObject = 9993F5FB22DEB48200ABFE02 /* Project object */;
}
